{
  "name": "capauth",
  "version": "0.0.1",
  "lockfileVersion": 1,
  "requires": true,
  "dependencies": {
    "@stencil/angular-output-target": {
      "version": "0.0.2",
      "resolved": "https://registry.npmjs.org/@stencil/angular-output-target/-/angular-output-target-0.0.2.tgz",
      "integrity": "sha512-GyQ/VTipzzweuNYbs+FrK1q3FSEG4LZkzg+keuMQNRDX77aCy5hsYivspMRMwOXIwUXh9wSIzqQR3JuLiFHzcw=="
    },
    "@stencil/core": {
      "version": "1.8.11",
      "resolved": "https://registry.npmjs.org/@stencil/core/-/core-1.8.11.tgz",
      "integrity": "sha512-CWalrysaD+AFyPSd6ZJzBnGdp6vZIF9MajvnQg+jJd2s67HbO1B9lPDKtX8mPW9HF3/3o0XMVQR1F9uLBqIviA==",
      "dev": true,
      "requires": {
        "typescript": "3.8.2"
      }
    },
    "@stencil/react-output-target": {
      "version": "0.0.3",
      "resolved": "https://registry.npmjs.org/@stencil/react-output-target/-/react-output-target-0.0.3.tgz",
      "integrity": "sha512-OjvDi7gd2OUgj8aF4iSVCt68e+38zxtpCoG/8R4b984IlaiL6QUFMc+pBbGYsyMC0Wd13oXRHZze0KYiL+l0GA=="
    },
    "@stencil/sass": {
      "version": "1.1.1",
      "resolved": "https://registry.npmjs.org/@stencil/sass/-/sass-1.1.1.tgz",
      "integrity": "sha512-Nny3JiFkpQa0RdXWCa4pzhKQYnHuDNzC9c4w35FcaZHXBVuZ1UHSHc7wI7By9SS1auYcySqpPOBVzgoCqXcYVQ=="
    },
    "rxjs": {
      "version": "6.5.4",
      "resolved": "https://registry.npmjs.org/rxjs/-/rxjs-6.5.4.tgz",
      "integrity": "sha512-naMQXcgEo3csAEGvw/NydRA0fuS2nDZJiw1YUWFKU7aPPAPGZEsD4Iimit96qwCieH6y614MCLYwdkrWx7z/7Q==",
      "requires": {
        "tslib": "^1.9.0"
      }
    },
    "tslib": {
      "version": "1.11.1",
      "resolved": "https://registry.npmjs.org/tslib/-/tslib-1.11.1.tgz",
      "integrity": "sha512-aZW88SY8kQbU7gpV19lN24LtXh/yD4ZZg6qieAJDDg+YBsJcSmLGK9QpnUjAKVG/xefmvJGd1WUmfpT/g6AJGA=="
    },
    "typescript": {
      "version": "3.8.2",
      "resolved": "https://registry.npmjs.org/typescript/-/typescript-3.8.2.tgz",
      "integrity": "sha512-EgOVgL/4xfVrCMbhYKUQTdF37SQn4Iw73H5BgCrF1Abdun7Kwy/QZsE/ssAy0y4LxBbvua3PIbFsbRczWWnDdQ==",
      "dev": true
    }
  }
}
